// !$*UTF8*$!
{
	archiveVersion = 1;
	classes = {
	};
	objectVersion = 50;
	objects = {

/* Begin PBXBuildFile section */
		DF0AF3E023C1530500F31E90 /* Configuration.swift in Sources */ = {isa = PBXBuildFile; fileRef = DF0AF3DF23C1530500F31E90 /* Configuration.swift */; };
		DF18C80923BF126A00DD1BF1 /* OnboardingView.swift in Sources */ = {isa = PBXBuildFile; fileRef = DF18C80823BF126A00DD1BF1 /* OnboardingView.swift */; };
		DF18C80B23BF172F00DD1BF1 /* ConcentricOnboarding.swift in Sources */ = {isa = PBXBuildFile; fileRef = DF18C80A23BF172F00DD1BF1 /* ConcentricOnboarding.swift */; };
		DF18C80D23BF2B0900DD1BF1 /* HomeView.swift in Sources */ = {isa = PBXBuildFile; fileRef = DF18C80C23BF2B0900DD1BF1 /* HomeView.swift */; };
		DF18C80F23BF416000DD1BF1 /* StrainViews.swift in Sources */ = {isa = PBXBuildFile; fileRef = DF18C80E23BF416000DD1BF1 /* StrainViews.swift */; };
		DF18C81123BF488B00DD1BF1 /* FetchView.swift in Sources */ = {isa = PBXBuildFile; fileRef = DF18C81023BF488B00DD1BF1 /* FetchView.swift */; };
		DF18C81323C068F900DD1BF1 /* MoreView.swift in Sources */ = {isa = PBXBuildFile; fileRef = DF18C81223C068F900DD1BF1 /* MoreView.swift */; };
		DF55662B23BC1A1E007ACFDB /* Models.swift in Sources */ = {isa = PBXBuildFile; fileRef = DF55662A23BC1A1E007ACFDB /* Models.swift */; };
		DF7444B823BDA8E2002EBB56 /* UtilityView.swift in Sources */ = {isa = PBXBuildFile; fileRef = DF7444B723BDA8E2002EBB56 /* UtilityView.swift */; };
		DF89CE9822E00BD200D2CB8E /* Controllers.swift in Sources */ = {isa = PBXBuildFile; fileRef = DF89CE9722E00BD200D2CB8E /* Controllers.swift */; };
		DFA1CB2023BB38B60087AD8A /* CardView.swift in Sources */ = {isa = PBXBuildFile; fileRef = DFA1CB1F23BB38B60087AD8A /* CardView.swift */; };
		DFA1CB2323BB52570087AD8A /* SwiftyJSON.swift in Sources */ = {isa = PBXBuildFile; fileRef = DFA1CB2223BB52570087AD8A /* SwiftyJSON.swift */; };
		DFB10E2423C32BC90069BE28 /* Assets.xcassets in Resources */ = {isa = PBXBuildFile; fileRef = DFB10E2323C32BC90069BE28 /* Assets.xcassets */; };
		DFB3E8EE23C3202C00E49EAE /* PrivacyView.swift in Sources */ = {isa = PBXBuildFile; fileRef = DFB3E8ED23C3202C00E49EAE /* PrivacyView.swift */; };
		DFF975F922DC212100EE4DBF /* AppDelegate.swift in Sources */ = {isa = PBXBuildFile; fileRef = DFF975F822DC212100EE4DBF /* AppDelegate.swift */; };
		DFF975FB22DC212100EE4DBF /* SceneDelegate.swift in Sources */ = {isa = PBXBuildFile; fileRef = DFF975FA22DC212100EE4DBF /* SceneDelegate.swift */; };
		DFF975FD22DC212100EE4DBF /* ContentView.swift in Sources */ = {isa = PBXBuildFile; fileRef = DFF975FC22DC212100EE4DBF /* ContentView.swift */; };
		DFF9760222DC212200EE4DBF /* Preview Assets.xcassets in Resources */ = {isa = PBXBuildFile; fileRef = DFF9760122DC212200EE4DBF /* Preview Assets.xcassets */; };
		DFF9760522DC212200EE4DBF /* LaunchScreen.storyboard in Resources */ = {isa = PBXBuildFile; fileRef = DFF9760322DC212200EE4DBF /* LaunchScreen.storyboard */; };
		DFF9761022DC212200EE4DBF /* CrossbreedTests.swift in Sources */ = {isa = PBXBuildFile; fileRef = DFF9760F22DC212200EE4DBF /* CrossbreedTests.swift */; };
		DFF9761B22DC212200EE4DBF /* CrossbreedUITests.swift in Sources */ = {isa = PBXBuildFile; fileRef = DFF9761A22DC212200EE4DBF /* CrossbreedUITests.swift */; };
/* End PBXBuildFile section */

/* Begin PBXContainerItemProxy section */
		DFF9760C22DC212200EE4DBF /* PBXContainerItemProxy */ = {
			isa = PBXContainerItemProxy;
			containerPortal = DFF975ED22DC212100EE4DBF /* Project object */;
			proxyType = 1;
			remoteGlobalIDString = DFF975F422DC212100EE4DBF;
			remoteInfo = Crossbreed;
		};
		DFF9761722DC212200EE4DBF /* PBXContainerItemProxy */ = {
			isa = PBXContainerItemProxy;
			containerPortal = DFF975ED22DC212100EE4DBF /* Project object */;
			proxyType = 1;
			remoteGlobalIDString = DFF975F422DC212100EE4DBF;
			remoteInfo = Crossbreed;
		};
/* End PBXContainerItemProxy section */

/* Begin PBXFileReference section */
		DF0AF3DF23C1530500F31E90 /* Configuration.swift */ = {isa = PBXFileReference; lastKnownFileType = sourcecode.swift; path = Configuration.swift; sourceTree = "<group>"; };
		DF18C80823BF126A00DD1BF1 /* OnboardingView.swift */ = {isa = PBXFileReference; lastKnownFileType = sourcecode.swift; path = OnboardingView.swift; sourceTree = "<group>"; };
		DF18C80A23BF172F00DD1BF1 /* ConcentricOnboarding.swift */ = {isa = PBXFileReference; lastKnownFileType = sourcecode.swift; path = ConcentricOnboarding.swift; sourceTree = "<group>"; };
		DF18C80C23BF2B0900DD1BF1 /* HomeView.swift */ = {isa = PBXFileReference; lastKnownFileType = sourcecode.swift; path = HomeView.swift; sourceTree = "<group>"; };
		DF18C80E23BF416000DD1BF1 /* StrainViews.swift */ = {isa = PBXFileReference; lastKnownFileType = sourcecode.swift; path = StrainViews.swift; sourceTree = "<group>"; };
		DF18C81023BF488B00DD1BF1 /* FetchView.swift */ = {isa = PBXFileReference; lastKnownFileType = sourcecode.swift; path = FetchView.swift; sourceTree = "<group>"; };
		DF18C81223C068F900DD1BF1 /* MoreView.swift */ = {isa = PBXFileReference; lastKnownFileType = sourcecode.swift; path = MoreView.swift; sourceTree = "<group>"; };
		DF55662A23BC1A1E007ACFDB /* Models.swift */ = {isa = PBXFileReference; lastKnownFileType = sourcecode.swift; path = Models.swift; sourceTree = "<group>"; };
		DF7444B723BDA8E2002EBB56 /* UtilityView.swift */ = {isa = PBXFileReference; lastKnownFileType = sourcecode.swift; path = UtilityView.swift; sourceTree = "<group>"; };
		DF89CE9722E00BD200D2CB8E /* Controllers.swift */ = {isa = PBXFileReference; lastKnownFileType = sourcecode.swift; name = Controllers.swift; path = ../../../../../../../System/Volumes/Data/Users/hew/Code/Swift/Projects/Crossbreed/Crossbreed/Controllers.swift; sourceTree = "<group>"; };
		DFA1CB1F23BB38B60087AD8A /* CardView.swift */ = {isa = PBXFileReference; lastKnownFileType = sourcecode.swift; path = CardView.swift; sourceTree = "<group>"; };
		DFA1CB2223BB52570087AD8A /* SwiftyJSON.swift */ = {isa = PBXFileReference; lastKnownFileType = sourcecode.swift; path = SwiftyJSON.swift; sourceTree = "<group>"; };
		DFB10E2323C32BC90069BE28 /* Assets.xcassets */ = {isa = PBXFileReference; lastKnownFileType = folder.assetcatalog; path = Assets.xcassets; sourceTree = "<group>"; };
		DFB3E8ED23C3202C00E49EAE /* PrivacyView.swift */ = {isa = PBXFileReference; lastKnownFileType = sourcecode.swift; path = PrivacyView.swift; sourceTree = "<group>"; };
		DFF975F522DC212100EE4DBF /* Crossbreed.app */ = {isa = PBXFileReference; explicitFileType = wrapper.application; includeInIndex = 0; path = Crossbreed.app; sourceTree = BUILT_PRODUCTS_DIR; };
		DFF975F822DC212100EE4DBF /* AppDelegate.swift */ = {isa = PBXFileReference; lastKnownFileType = sourcecode.swift; path = AppDelegate.swift; sourceTree = "<group>"; };
		DFF975FA22DC212100EE4DBF /* SceneDelegate.swift */ = {isa = PBXFileReference; lastKnownFileType = sourcecode.swift; path = SceneDelegate.swift; sourceTree = "<group>"; };
		DFF975FC22DC212100EE4DBF /* ContentView.swift */ = {isa = PBXFileReference; lastKnownFileType = sourcecode.swift; path = ContentView.swift; sourceTree = "<group>"; };
		DFF9760122DC212200EE4DBF /* Preview Assets.xcassets */ = {isa = PBXFileReference; lastKnownFileType = folder.assetcatalog; path = "Preview Assets.xcassets"; sourceTree = "<group>"; };
		DFF9760422DC212200EE4DBF /* Base */ = {isa = PBXFileReference; lastKnownFileType = file.storyboard; name = Base; path = Base.lproj/LaunchScreen.storyboard; sourceTree = "<group>"; };
		DFF9760622DC212200EE4DBF /* Info.plist */ = {isa = PBXFileReference; lastKnownFileType = text.plist.xml; path = Info.plist; sourceTree = "<group>"; };
		DFF9760B22DC212200EE4DBF /* CrossbreedTests.xctest */ = {isa = PBXFileReference; explicitFileType = wrapper.cfbundle; includeInIndex = 0; path = CrossbreedTests.xctest; sourceTree = BUILT_PRODUCTS_DIR; };
		DFF9760F22DC212200EE4DBF /* CrossbreedTests.swift */ = {isa = PBXFileReference; lastKnownFileType = sourcecode.swift; path = CrossbreedTests.swift; sourceTree = "<group>"; };
		DFF9761122DC212200EE4DBF /* Info.plist */ = {isa = PBXFileReference; lastKnownFileType = text.plist.xml; path = Info.plist; sourceTree = "<group>"; };
		DFF9761622DC212200EE4DBF /* CrossbreedUITests.xctest */ = {isa = PBXFileReference; explicitFileType = wrapper.cfbundle; includeInIndex = 0; path = CrossbreedUITests.xctest; sourceTree = BUILT_PRODUCTS_DIR; };
		DFF9761A22DC212200EE4DBF /* CrossbreedUITests.swift */ = {isa = PBXFileReference; lastKnownFileType = sourcecode.swift; path = CrossbreedUITests.swift; sourceTree = "<group>"; };
		DFF9761C22DC212200EE4DBF /* Info.plist */ = {isa = PBXFileReference; lastKnownFileType = text.plist.xml; path = Info.plist; sourceTree = "<group>"; };
/* End PBXFileReference section */

/* Begin PBXFrameworksBuildPhase section */
		DFF975F222DC212100EE4DBF /* Frameworks */ = {
			isa = PBXFrameworksBuildPhase;
			buildActionMask = 2147483647;
			files = (
			);
			runOnlyForDeploymentPostprocessing = 0;
		};
		DFF9760822DC212200EE4DBF /* Frameworks */ = {
			isa = PBXFrameworksBuildPhase;
			buildActionMask = 2147483647;
			files = (
			);
			runOnlyForDeploymentPostprocessing = 0;
		};
		DFF9761322DC212200EE4DBF /* Frameworks */ = {
			isa = PBXFrameworksBuildPhase;
			buildActionMask = 2147483647;
			files = (
			);
			runOnlyForDeploymentPostprocessing = 0;
		};
/* End PBXFrameworksBuildPhase section */

/* Begin PBXGroup section */
		DF7444B923BDF1F5002EBB56 /* Views */ = {
			isa = PBXGroup;
			children = (
				DFF975FC22DC212100EE4DBF /* ContentView.swift */,
				DF18C81023BF488B00DD1BF1 /* FetchView.swift */,
				DF18C80C23BF2B0900DD1BF1 /* HomeView.swift */,
				DF18C81223C068F900DD1BF1 /* MoreView.swift */,
				DFB3E8ED23C3202C00E49EAE /* PrivacyView.swift */,
				DF7444B723BDA8E2002EBB56 /* UtilityView.swift */,
				DF18C80E23BF416000DD1BF1 /* StrainViews.swift */,
				DFA1CB1F23BB38B60087AD8A /* CardView.swift */,
				DF18C80823BF126A00DD1BF1 /* OnboardingView.swift */,
				DF18C80A23BF172F00DD1BF1 /* ConcentricOnboarding.swift */,
			);
			path = Views;
			sourceTree = "<group>";
		};
		DFF975EC22DC212100EE4DBF = {
			isa = PBXGroup;
			children = (
				DFA1CB2223BB52570087AD8A /* SwiftyJSON.swift */,
				DFF975F722DC212100EE4DBF /* Crossbreed */,
				DFF9760E22DC212200EE4DBF /* CrossbreedTests */,
				DFF9761922DC212200EE4DBF /* CrossbreedUITests */,
				DFF975F622DC212100EE4DBF /* Products */,
			);
			sourceTree = "<group>";
		};
		DFF975F622DC212100EE4DBF /* Products */ = {
			isa = PBXGroup;
			children = (
				DFF975F522DC212100EE4DBF /* Crossbreed.app */,
				DFF9760B22DC212200EE4DBF /* CrossbreedTests.xctest */,
				DFF9761622DC212200EE4DBF /* CrossbreedUITests.xctest */,
			);
			name = Products;
			sourceTree = "<group>";
		};
		DFF975F722DC212100EE4DBF /* Crossbreed */ = {
			isa = PBXGroup;
			children = (
				DFB10E2323C32BC90069BE28 /* Assets.xcassets */,
				DF7444B923BDF1F5002EBB56 /* Views */,
				DFF975F822DC212100EE4DBF /* AppDelegate.swift */,
				DFF975FA22DC212100EE4DBF /* SceneDelegate.swift */,
				DF89CE9722E00BD200D2CB8E /* Controllers.swift */,
				DF0AF3DF23C1530500F31E90 /* Configuration.swift */,
				DF55662A23BC1A1E007ACFDB /* Models.swift */,
				DFF9760322DC212200EE4DBF /* LaunchScreen.storyboard */,
				DFF9760622DC212200EE4DBF /* Info.plist */,
				DFF9760022DC212200EE4DBF /* Preview Content */,
			);
			path = Crossbreed;
			sourceTree = "<group>";
		};
		DFF9760022DC212200EE4DBF /* Preview Content */ = {
			isa = PBXGroup;
			children = (
				DFF9760122DC212200EE4DBF /* Preview Assets.xcassets */,
			);
			path = "Preview Content";
			sourceTree = "<group>";
		};
		DFF9760E22DC212200EE4DBF /* CrossbreedTests */ = {
			isa = PBXGroup;
			children = (
				DFF9760F22DC212200EE4DBF /* CrossbreedTests.swift */,
				DFF9761122DC212200EE4DBF /* Info.plist */,
			);
			path = CrossbreedTests;
			sourceTree = "<group>";
		};
		DFF9761922DC212200EE4DBF /* CrossbreedUITests */ = {
			isa = PBXGroup;
			children = (
				DFF9761A22DC212200EE4DBF /* CrossbreedUITests.swift */,
				DFF9761C22DC212200EE4DBF /* Info.plist */,
			);
			path = CrossbreedUITests;
			sourceTree = "<group>";
		};
/* End PBXGroup section */

/* Begin PBXNativeTarget section */
		DFF975F422DC212100EE4DBF /* Crossbreed */ = {
			isa = PBXNativeTarget;
			buildConfigurationList = DFF9761F22DC212200EE4DBF /* Build configuration list for PBXNativeTarget "Crossbreed" */;
			buildPhases = (
				DFF975F122DC212100EE4DBF /* Sources */,
				DFF975F222DC212100EE4DBF /* Frameworks */,
				DFF975F322DC212100EE4DBF /* Resources */,
			);
			buildRules = (
			);
			dependencies = (
			);
			name = Crossbreed;
			productName = Crossbreed;
			productReference = DFF975F522DC212100EE4DBF /* Crossbreed.app */;
			productType = "com.apple.product-type.application";
		};
		DFF9760A22DC212200EE4DBF /* CrossbreedTests */ = {
			isa = PBXNativeTarget;
			buildConfigurationList = DFF9762222DC212200EE4DBF /* Build configuration list for PBXNativeTarget "CrossbreedTests" */;
			buildPhases = (
				DFF9760722DC212200EE4DBF /* Sources */,
				DFF9760822DC212200EE4DBF /* Frameworks */,
				DFF9760922DC212200EE4DBF /* Resources */,
			);
			buildRules = (
			);
			dependencies = (
				DFF9760D22DC212200EE4DBF /* PBXTargetDependency */,
			);
			name = CrossbreedTests;
			productName = CrossbreedTests;
			productReference = DFF9760B22DC212200EE4DBF /* CrossbreedTests.xctest */;
			productType = "com.apple.product-type.bundle.unit-test";
		};
		DFF9761522DC212200EE4DBF /* CrossbreedUITests */ = {
			isa = PBXNativeTarget;
			buildConfigurationList = DFF9762522DC212200EE4DBF /* Build configuration list for PBXNativeTarget "CrossbreedUITests" */;
			buildPhases = (
				DFF9761222DC212200EE4DBF /* Sources */,
				DFF9761322DC212200EE4DBF /* Frameworks */,
				DFF9761422DC212200EE4DBF /* Resources */,
			);
			buildRules = (
			);
			dependencies = (
				DFF9761822DC212200EE4DBF /* PBXTargetDependency */,
			);
			name = CrossbreedUITests;
			productName = CrossbreedUITests;
			productReference = DFF9761622DC212200EE4DBF /* CrossbreedUITests.xctest */;
			productType = "com.apple.product-type.bundle.ui-testing";
		};
/* End PBXNativeTarget section */

/* Begin PBXProject section */
		DFF975ED22DC212100EE4DBF /* Project object */ = {
			isa = PBXProject;
			attributes = {
				LastSwiftUpdateCheck = 1100;
				LastUpgradeCheck = 1100;
				ORGANIZATIONNAME = "Matthew Jones";
				TargetAttributes = {
					DFF975F422DC212100EE4DBF = {
						CreatedOnToolsVersion = 11.0;
					};
					DFF9760A22DC212200EE4DBF = {
						CreatedOnToolsVersion = 11.0;
						TestTargetID = DFF975F422DC212100EE4DBF;
					};
					DFF9761522DC212200EE4DBF = {
						CreatedOnToolsVersion = 11.0;
						TestTargetID = DFF975F422DC212100EE4DBF;
					};
				};
			};
			buildConfigurationList = DFF975F022DC212100EE4DBF /* Build configuration list for PBXProject "Crossbreed" */;
			compatibilityVersion = "Xcode 9.3";
			developmentRegion = en;
			hasScannedForEncodings = 0;
			knownRegions = (
				en,
				Base,
			);
			mainGroup = DFF975EC22DC212100EE4DBF;
			productRefGroup = DFF975F622DC212100EE4DBF /* Products */;
			projectDirPath = "";
			projectRoot = "";
			targets = (
				DFF975F422DC212100EE4DBF /* Crossbreed */,
				DFF9760A22DC212200EE4DBF /* CrossbreedTests */,
				DFF9761522DC212200EE4DBF /* CrossbreedUITests */,
			);
		};
/* End PBXProject section */

/* Begin PBXResourcesBuildPhase section */
		DFF975F322DC212100EE4DBF /* Resources */ = {
			isa = PBXResourcesBuildPhase;
			buildActionMask = 2147483647;
			files = (
				DFF9760522DC212200EE4DBF /* LaunchScreen.storyboard in Resources */,
				DFB10E2423C32BC90069BE28 /* Assets.xcassets in Resources */,
				DFF9760222DC212200EE4DBF /* Preview Assets.xcassets in Resources */,
			);
			runOnlyForDeploymentPostprocessing = 0;
		};
		DFF9760922DC212200EE4DBF /* Resources */ = {
			isa = PBXResourcesBuildPhase;
			buildActionMask = 2147483647;
			files = (
			);
			runOnlyForDeploymentPostprocessing = 0;
		};
		DFF9761422DC212200EE4DBF /* Resources */ = {
			isa = PBXResourcesBuildPhase;
			buildActionMask = 2147483647;
			files = (
			);
			runOnlyForDeploymentPostprocessing = 0;
		};
/* End PBXResourcesBuildPhase section */

/* Begin PBXSourcesBuildPhase section */
		DFF975F122DC212100EE4DBF /* Sources */ = {
			isa = PBXSourcesBuildPhase;
			buildActionMask = 2147483647;
			files = (
				DF18C81323C068F900DD1BF1 /* MoreView.swift in Sources */,
				DF18C81123BF488B00DD1BF1 /* FetchView.swift in Sources */,
				DF18C80B23BF172F00DD1BF1 /* ConcentricOnboarding.swift in Sources */,
				DF18C80D23BF2B0900DD1BF1 /* HomeView.swift in Sources */,
				DFA1CB2023BB38B60087AD8A /* CardView.swift in Sources */,
				DFB3E8EE23C3202C00E49EAE /* PrivacyView.swift in Sources */,
				DF0AF3E023C1530500F31E90 /* Configuration.swift in Sources */,
				DF55662B23BC1A1E007ACFDB /* Models.swift in Sources */,
				DFA1CB2323BB52570087AD8A /* SwiftyJSON.swift in Sources */,
				DF7444B823BDA8E2002EBB56 /* UtilityView.swift in Sources */,
				DF89CE9822E00BD200D2CB8E /* Controllers.swift in Sources */,
				DFF975F922DC212100EE4DBF /* AppDelegate.swift in Sources */,
				DF18C80F23BF416000DD1BF1 /* StrainViews.swift in Sources */,
				DFF975FB22DC212100EE4DBF /* SceneDelegate.swift in Sources */,
				DFF975FD22DC212100EE4DBF /* ContentView.swift in Sources */,
				DF18C80923BF126A00DD1BF1 /* OnboardingView.swift in Sources */,
			);
			runOnlyForDeploymentPostprocessing = 0;
		};
		DFF9760722DC212200EE4DBF /* Sources */ = {
			isa = PBXSourcesBuildPhase;
			buildActionMask = 2147483647;
			files = (
				DFF9761022DC212200EE4DBF /* CrossbreedTests.swift in Sources */,
			);
			runOnlyForDeploymentPostprocessing = 0;
		};
		DFF9761222DC212200EE4DBF /* Sources */ = {
			isa = PBXSourcesBuildPhase;
			buildActionMask = 2147483647;
			files = (
				DFF9761B22DC212200EE4DBF /* CrossbreedUITests.swift in Sources */,
			);
			runOnlyForDeploymentPostprocessing = 0;
		};
/* End PBXSourcesBuildPhase section */

/* Begin PBXTargetDependency section */
		DFF9760D22DC212200EE4DBF /* PBXTargetDependency */ = {
			isa = PBXTargetDependency;
			target = DFF975F422DC212100EE4DBF /* Crossbreed */;
			targetProxy = DFF9760C22DC212200EE4DBF /* PBXContainerItemProxy */;
		};
		DFF9761822DC212200EE4DBF /* PBXTargetDependency */ = {
			isa = PBXTargetDependency;
			target = DFF975F422DC212100EE4DBF /* Crossbreed */;
			targetProxy = DFF9761722DC212200EE4DBF /* PBXContainerItemProxy */;
		};
/* End PBXTargetDependency section */

/* Begin PBXVariantGroup section */
		DFF9760322DC212200EE4DBF /* LaunchScreen.storyboard */ = {
			isa = PBXVariantGroup;
			children = (
				DFF9760422DC212200EE4DBF /* Base */,
			);
			name = LaunchScreen.storyboard;
			sourceTree = "<group>";
		};
/* End PBXVariantGroup section */

/* Begin XCBuildConfiguration section */
		DFF9761D22DC212200EE4DBF /* Debug */ = {
			isa = XCBuildConfiguration;
			buildSettings = {
				ALWAYS_SEARCH_USER_PATHS = NO;
				CLANG_ANALYZER_NONNULL = YES;
				CLANG_ANALYZER_NUMBER_OBJECT_CONVERSION = YES_AGGRESSIVE;
				CLANG_CXX_LANGUAGE_STANDARD = "gnu++14";
				CLANG_CXX_LIBRARY = "libc++";
				CLANG_ENABLE_MODULES = YES;
				CLANG_ENABLE_OBJC_ARC = YES;
				CLANG_ENABLE_OBJC_WEAK = YES;
				CLANG_WARN_BLOCK_CAPTURE_AUTORELEASING = YES;
				CLANG_WARN_BOOL_CONVERSION = YES;
				CLANG_WARN_COMMA = YES;
				CLANG_WARN_CONSTANT_CONVERSION = YES;
				CLANG_WARN_DEPRECATED_OBJC_IMPLEMENTATIONS = YES;
				CLANG_WARN_DIRECT_OBJC_ISA_USAGE = YES_ERROR;
				CLANG_WARN_DOCUMENTATION_COMMENTS = YES;
				CLANG_WARN_EMPTY_BODY = YES;
				CLANG_WARN_ENUM_CONVERSION = YES;
				CLANG_WARN_INFINITE_RECURSION = YES;
				CLANG_WARN_INT_CONVERSION = YES;
				CLANG_WARN_NON_LITERAL_NULL_CONVERSION = YES;
				CLANG_WARN_OBJC_IMPLICIT_RETAIN_SELF = YES;
				CLANG_WARN_OBJC_LITERAL_CONVERSION = YES;
				CLANG_WARN_OBJC_ROOT_CLASS = YES_ERROR;
				CLANG_WARN_RANGE_LOOP_ANALYSIS = YES;
				CLANG_WARN_STRICT_PROTOTYPES = YES;
				CLANG_WARN_SUSPICIOUS_MOVE = YES;
				CLANG_WARN_UNGUARDED_AVAILABILITY = YES_AGGRESSIVE;
				CLANG_WARN_UNREACHABLE_CODE = YES;
				CLANG_WARN__DUPLICATE_METHOD_MATCH = YES;
				COPY_PHASE_STRIP = NO;
				DEBUG_INFORMATION_FORMAT = dwarf;
				ENABLE_STRICT_OBJC_MSGSEND = YES;
				ENABLE_TESTABILITY = YES;
				GCC_C_LANGUAGE_STANDARD = gnu11;
				GCC_DYNAMIC_NO_PIC = NO;
				GCC_NO_COMMON_BLOCKS = YES;
				GCC_OPTIMIZATION_LEVEL = 0;
				GCC_PREPROCESSOR_DEFINITIONS = (
					"DEBUG=1",
					"$(inherited)",
				);
				GCC_WARN_64_TO_32_BIT_CONVERSION = YES;
				GCC_WARN_ABOUT_RETURN_TYPE = YES_ERROR;
				GCC_WARN_UNDECLARED_SELECTOR = YES;
				GCC_WARN_UNINITIALIZED_AUTOS = YES_AGGRESSIVE;
				GCC_WARN_UNUSED_FUNCTION = YES;
				GCC_WARN_UNUSED_VARIABLE = YES;
				IPHONEOS_DEPLOYMENT_TARGET = 13.0;
				MTL_ENABLE_DEBUG_INFO = INCLUDE_SOURCE;
				MTL_FAST_MATH = YES;
				ONLY_ACTIVE_ARCH = YES;
				SDKROOT = iphoneos;
				SWIFT_ACTIVE_COMPILATION_CONDITIONS = DEBUG;
				SWIFT_OPTIMIZATION_LEVEL = "-Onone";
			};
			name = Debug;
		};
		DFF9761E22DC212200EE4DBF /* Release */ = {
			isa = XCBuildConfiguration;
			buildSettings = {
				ALWAYS_SEARCH_USER_PATHS = NO;
				CLANG_ANALYZER_NONNULL = YES;
				CLANG_ANALYZER_NUMBER_OBJECT_CONVERSION = YES_AGGRESSIVE;
				CLANG_CXX_LANGUAGE_STANDARD = "gnu++14";
				CLANG_CXX_LIBRARY = "libc++";
				CLANG_ENABLE_MODULES = YES;
				CLANG_ENABLE_OBJC_ARC = YES;
				CLANG_ENABLE_OBJC_WEAK = YES;
				CLANG_WARN_BLOCK_CAPTURE_AUTORELEASING = YES;
				CLANG_WARN_BOOL_CONVERSION = YES;
				CLANG_WARN_COMMA = YES;
				CLANG_WARN_CONSTANT_CONVERSION = YES;
				CLANG_WARN_DEPRECATED_OBJC_IMPLEMENTATIONS = YES;
				CLANG_WARN_DIRECT_OBJC_ISA_USAGE = YES_ERROR;
				CLANG_WARN_DOCUMENTATION_COMMENTS = YES;
				CLANG_WARN_EMPTY_BODY = YES;
				CLANG_WARN_ENUM_CONVERSION = YES;
				CLANG_WARN_INFINITE_RECURSION = YES;
				CLANG_WARN_INT_CONVERSION = YES;
				CLANG_WARN_NON_LITERAL_NULL_CONVERSION = YES;
				CLANG_WARN_OBJC_IMPLICIT_RETAIN_SELF = YES;
				CLANG_WARN_OBJC_LITERAL_CONVERSION = YES;
				CLANG_WARN_OBJC_ROOT_CLASS = YES_ERROR;
				CLANG_WARN_RANGE_LOOP_ANALYSIS = YES;
				CLANG_WARN_STRICT_PROTOTYPES = YES;
				CLANG_WARN_SUSPICIOUS_MOVE = YES;
				CLANG_WARN_UNGUARDED_AVAILABILITY = YES_AGGRESSIVE;
				CLANG_WARN_UNREACHABLE_CODE = YES;
				CLANG_WARN__DUPLICATE_METHOD_MATCH = YES;
				COPY_PHASE_STRIP = NO;
				DEBUG_INFORMATION_FORMAT = "dwarf-with-dsym";
				ENABLE_NS_ASSERTIONS = NO;
				ENABLE_STRICT_OBJC_MSGSEND = YES;
				GCC_C_LANGUAGE_STANDARD = gnu11;
				GCC_NO_COMMON_BLOCKS = YES;
				GCC_WARN_64_TO_32_BIT_CONVERSION = YES;
				GCC_WARN_ABOUT_RETURN_TYPE = YES_ERROR;
				GCC_WARN_UNDECLARED_SELECTOR = YES;
				GCC_WARN_UNINITIALIZED_AUTOS = YES_AGGRESSIVE;
				GCC_WARN_UNUSED_FUNCTION = YES;
				GCC_WARN_UNUSED_VARIABLE = YES;
				IPHONEOS_DEPLOYMENT_TARGET = 13.0;
				MTL_ENABLE_DEBUG_INFO = NO;
				MTL_FAST_MATH = YES;
				SDKROOT = iphoneos;
				SWIFT_COMPILATION_MODE = wholemodule;
				SWIFT_OPTIMIZATION_LEVEL = "-O";
				VALIDATE_PRODUCT = YES;
			};
			name = Release;
		};
		DFF9762022DC212200EE4DBF /* Debug */ = {
			isa = XCBuildConfiguration;
			buildSettings = {
				ASSETCATALOG_COMPILER_APPICON_NAME = AppIcon;
				CODE_SIGN_STYLE = Automatic;
				DEVELOPMENT_ASSET_PATHS = "Crossbreed/Preview\\ Content";
				DEVELOPMENT_TEAM = F8V889ZV4T;
				ENABLE_PREVIEWS = YES;
				INFOPLIST_FILE = Crossbreed/Info.plist;
				LD_RUNPATH_SEARCH_PATHS = (
					"$(inherited)",
					"@executable_path/Frameworks",
				);
				PRODUCT_BUNDLE_IDENTIFIER = hew.Crossbreed;
				PRODUCT_NAME = "$(TARGET_NAME)";
				SWIFT_VERSION = 5.0;
				TARGETED_DEVICE_FAMILY = 1;
			};
			name = Debug;
		};
		DFF9762122DC212200EE4DBF /* Release */ = {
			isa = XCBuildConfiguration;
			buildSettings = {
				ASSETCATALOG_COMPILER_APPICON_NAME = AppIcon;
				CODE_SIGN_STYLE = Automatic;
				DEVELOPMENT_ASSET_PATHS = "Crossbreed/Preview\\ Content";
				DEVELOPMENT_TEAM = F8V889ZV4T;
				ENABLE_PREVIEWS = YES;
				INFOPLIST_FILE = Crossbreed/Info.plist;
				LD_RUNPATH_SEARCH_PATHS = (
					"$(inherited)",
					"@executable_path/Frameworks",
				);
				PRODUCT_BUNDLE_IDENTIFIER = hew.Crossbreed;
				PRODUCT_NAME = "$(TARGET_NAME)";
				SWIFT_VERSION = 5.0;
				TARGETED_DEVICE_FAMILY = 1;
			};
			name = Release;
		};
		DFF9762322DC212200EE4DBF /* Debug */ = {
			isa = XCBuildConfiguration;
			buildSettings = {
				ALWAYS_EMBED_SWIFT_STANDARD_LIBRARIES = YES;
				BUNDLE_LOADER = "$(TEST_HOST)";
				CODE_SIGN_STYLE = Automatic;
				DEVELOPMENT_TEAM = F8V889ZV4T;
				INFOPLIST_FILE = CrossbreedTests/Info.plist;
				LD_RUNPATH_SEARCH_PATHS = (
					"$(inherited)",
					"@executable_path/Frameworks",
					"@loader_path/Frameworks",
				);
				PRODUCT_BUNDLE_IDENTIFIER = hew.CrossbreedTests;
				PRODUCT_NAME = "$(TARGET_NAME)";
				SWIFT_VERSION = 5.0;
				TARGETED_DEVICE_FAMILY = "1,2";
				TEST_HOST = "$(BUILT_PRODUCTS_DIR)/Crossbreed.app/Crossbreed";
			};
			name = Debug;
		};
		DFF9762422DC212200EE4DBF /* Release */ = {
			isa = XCBuildConfiguration;
			buildSettings = {
				ALWAYS_EMBED_SWIFT_STANDARD_LIBRARIES = YES;
				BUNDLE_LOADER = "$(TEST_HOST)";
				CODE_SIGN_STYLE = Automatic;
				DEVELOPMENT_TEAM = F8V889ZV4T;
				INFOPLIST_FILE = CrossbreedTests/Info.plist;
				LD_RUNPATH_SEARCH_PATHS = (
					"$(inherited)",
					"@executable_path/Frameworks",
					"@loader_path/Frameworks",
				);
				PRODUCT_BUNDLE_IDENTIFIER = hew.CrossbreedTests;
				PRODUCT_NAME = "$(TARGET_NAME)";
				SWIFT_VERSION = 5.0;
				TARGETED_DEVICE_FAMILY = "1,2";
				TEST_HOST = "$(BUILT_PRODUCTS_DIR)/Crossbreed.app/Crossbreed";
			};
			name = Release;
		};
		DFF9762622DC212200EE4DBF /* Debug */ = {
			isa = XCBuildConfiguration;
			buildSettings = {
				ALWAYS_EMBED_SWIFT_STANDARD_LIBRARIES = YES;
				CODE_SIGN_STYLE = Automatic;
				DEVELOPMENT_TEAM = F8V889ZV4T;
				INFOPLIST_FILE = CrossbreedUITests/Info.plist;
				LD_RUNPATH_SEARCH_PATHS = (
					"$(inherited)",
					"@executable_path/Frameworks",
					"@loader_path/Frameworks",
				);
				PRODUCT_BUNDLE_IDENTIFIER = hew.CrossbreedUITests;
				PRODUCT_NAME = "$(TARGET_NAME)";
				SWIFT_VERSION = 5.0;
				TARGETED_DEVICE_FAMILY = "1,2";
				TEST_TARGET_NAME = Crossbreed;
			};
			name = Debug;
		};
		DFF9762722DC212200EE4DBF /* Release */ = {
			isa = XCBuildConfiguration;
			buildSettings = {
				ALWAYS_EMBED_SWIFT_STANDARD_LIBRARIES = YES;
				CODE_SIGN_STYLE = Automatic;
				DEVELOPMENT_TEAM = F8V889ZV4T;
				INFOPLIST_FILE = CrossbreedUITests/Info.plist;
				LD_RUNPATH_SEARCH_PATHS = (
					"$(inherited)",
					"@executable_path/Frameworks",
					"@loader_path/Frameworks",
				);
				PRODUCT_BUNDLE_IDENTIFIER = hew.CrossbreedUITests;
				PRODUCT_NAME = "$(TARGET_NAME)";
				SWIFT_VERSION = 5.0;
				TARGETED_DEVICE_FAMILY = "1,2";
				TEST_TARGET_NAME = Crossbreed;
			};
			name = Release;
		};
/* End XCBuildConfiguration section */

/* Begin XCConfigurationList section */
		DFF975F022DC212100EE4DBF /* Build configuration list for PBXProject "Crossbreed" */ = {
			isa = XCConfigurationList;
			buildConfigurations = (
				DFF9761D22DC212200EE4DBF /* Debug */,
				DFF9761E22DC212200EE4DBF /* Release */,
			);
			defaultConfigurationIsVisible = 0;
			defaultConfigurationName = Release;
		};
		DFF9761F22DC212200EE4DBF /* Build configuration list for PBXNativeTarget "Crossbreed" */ = {
			isa = XCConfigurationList;
			buildConfigurations = (
				DFF9762022DC212200EE4DBF /* Debug */,
				DFF9762122DC212200EE4DBF /* Release */,
			);
			defaultConfigurationIsVisible = 0;
			defaultConfigurationName = Release;
		};
		DFF9762222DC212200EE4DBF /* Build configuration list for PBXNativeTarget "CrossbreedTests" */ = {
			isa = XCConfigurationList;
			buildConfigurations = (
				DFF9762322DC212200EE4DBF /* Debug */,
				DFF9762422DC212200EE4DBF /* Release */,
			);
			defaultConfigurationIsVisible = 0;
			defaultConfigurationName = Release;
		};
		DFF9762522DC212200EE4DBF /* Build configuration list for PBXNativeTarget "CrossbreedUITests" */ = {
			isa = XCConfigurationList;
			buildConfigurations = (
				DFF9762622DC212200EE4DBF /* Debug */,
				DFF9762722DC212200EE4DBF /* Release */,
			);
			defaultConfigurationIsVisible = 0;
			defaultConfigurationName = Release;
		};
/* End XCConfigurationList section */
	};
	rootObject = DFF975ED22DC212100EE4DBF /* Project object */;
}
